{
  "name": "@mcptoolshop/style-dataset-lab",
  "version": "2.2.1",
  "lockfileVersion": 3,
  "requires": true,
  "packages": {
    "": {
      "name": "@mcptoolshop/style-dataset-lab",
      "version": "2.2.1",
      "license": "MIT",
      "bin": {
        "sdlab": "bin/sdlab.js"
      },
      "engines": {
        "node": ">=20"
      }
    }
  }
}
